Microsoft Visual Studio Solution File, Format Version 12.00
# Visual Studio Version 18
VisualStudioVersion = 18.5.11709.299 stable
MinimumVisualStudioVersion = 10.0.40219.1
Project("{2150E333-8FDC-42A3-9474-1A3956D46DE8}") = "Automation", "Automation", "{0BFBE63A-B98A-3411-8EEB-8918FEC737B3}"
EndProject
Project("{2150E333-8FDC-42A3-9474-1A3956D46DE8}") = "Engine", "Engine", "{233774A8-CC9D-3FA9-86D1-90573E92B704}"
EndProject
Project("{2150E333-8FDC-42A3-9474-1A3956D46DE8}") = "Programs", "Programs", "{A338B9E2-A559-34BE-A46D-F789DD488FAD}"
EndProject
Project("{2150E333-8FDC-42A3-9474-1A3956D46DE8}") = "Rules", "Rules", "{C2F57ECE-B26F-39D8-BDA7-C1D40BD8F180}"
EndProject
Project("{2150E333-8FDC-42A3-9474-1A3956D46DE8}") = "Shared", "Shared", "{57713676-9DBE-331C-AD10-26632AC9EE0C}"
EndProject
Project("{2150E333-8FDC-42A3-9474-1A3956D46DE8}") = "UnrealBuildTool.Plugins", "UnrealBuildTool.Plugins", "{7B5CFB44-F0FB-31DF-AE62-C3C096A29A7B}"
EndProject
Project("{8BC9CEB8-8B4A-11D0-8D11-00A0C91BC942}") = "UE5", "Intermediate\ProjectFiles\UE5.vcxproj", "{0A311FEA-A166-3203-B122-1D349CCE9C97}"
EndProject
Project("{FAE04EC0-301F-11D3-BF4B-00C04F79EFBC}") = "UE5ProgramRules", "D:\epicGames\UE_5.7\Engine\Intermediate\Build\BuildRulesProjects\UE5ProgramRules\UE5ProgramRules.csproj", "{4235ACC9-9ACE-3DD4-BBAC-3E8C52BF394B}"
EndProject
Project("{FAE04EC0-301F-11D3-BF4B-00C04F79EFBC}") = "UE5Rules", "D:\epicGames\UE_5.7\Engine\Intermediate\Build\BuildRulesProjects\UE5Rules\UE5Rules.csproj", "{CE70AF82-4B1F-399E-9853-37C3BDB2918C}"
EndProject
Project("{FAE04EC0-301F-11D3-BF4B-00C04F79EFBC}") = "VisionOS.Automation", "D:\epicGames\UE_5.7\Engine\Platforms\VisionOS\Source\Programs\AutomationTool\VisionOS.Automation.csproj", "{4898EC58-99E7-3989-9E4D-6E1FA3FFC741}"
EndProject
Project("{FAE04EC0-301F-11D3-BF4B-00C04F79EFBC}") = "ScriptGeneratorUbtPlugin.ubtplugin", "D:\epicGames\UE_5.7\Engine\Plugins\ScriptPlugin\Source\ScriptGeneratorUbtPlugin\ScriptGeneratorUbtPlugin.ubtplugin.csproj", "{D5DD6165-A397-342E-B6F4-34C897889444}"
EndProject
Project("{FAE04EC0-301F-11D3-BF4B-00C04F79EFBC}") = "Android.Automation", "D:\epicGames\UE_5.7\Engine\Source\Programs\AutomationTool\Android\Android.Automation.csproj", "{55DE2B30-A395-35CF-BC3F-0DCA147E3433}"
EndProject
Project("{FAE04EC0-301F-11D3-BF4B-00C04F79EFBC}") = "Apple.Automation", "D:\epicGames\UE_5.7\Engine\Source\Programs\AutomationTool\Apple\Apple.Automation.csproj", "{F62F6150-5D7D-35ED-8CCE-9C960B7A9F96}"
EndProject
Project("{FAE04EC0-301F-11D3-BF4B-00C04F79EFBC}") = "AutomationTool", "D:\epicGames\UE_5.7\Engine\Source\Programs\AutomationTool\AutomationTool.csproj", "{8D21E27D-0CDD-313D-9823-674EAFC5199C}"
EndProject
Project("{FAE04EC0-301F-11D3-BF4B-00C04F79EFBC}") = "AutomationUtils.Automation", "D:\epicGames\UE_5.7\Engine\Source\Programs\AutomationTool\AutomationUtils\AutomationUtils.Automation.csproj", "{13642069-4013-3E10-A846-D177F7B19214}"
EndProject
Project("{FAE04EC0-301F-11D3-BF4B-00C04F79EFBC}") = "BuildGraph.Automation", "D:\epicGames\UE_5.7\Engine\Source\Programs\AutomationTool\BuildGraph\BuildGraph.Automation.csproj", "{AD4EEBE4-5F77-31F8-865A-DF9754B63463}"
EndProject
Project("{FAE04EC0-301F-11D3-BF4B-00C04F79EFBC}") = "CookedEditor.Automation", "D:\epicGames\UE_5.7\Engine\Source\Programs\AutomationTool\CookedEditor\CookedEditor.Automation.csproj", "{7B04CCAD-7667-3B15-B395-1174BC0680F5}"
EndProject
Project("{FAE04EC0-301F-11D3-BF4B-00C04F79EFBC}") = "CrowdinLocalization.Automation", "D:\epicGames\UE_5.7\Engine\Source\Programs\AutomationTool\CrowdinLocalization\CrowdinLocalization.Automation.csproj", "{200000C5-B92A-3366-B305-D0DDE359E964}"
EndProject
Project("{FAE04EC0-301F-11D3-BF4B-00C04F79EFBC}") = "Gauntlet.Automation", "D:\epicGames\UE_5.7\Engine\Source\Programs\AutomationTool\Gauntlet\Gauntlet.Automation.csproj", "{C51D7363-1503-375C-B765-8681F3DAD990}"
EndProject
Project("{FAE04EC0-301F-11D3-BF4B-00C04F79EFBC}") = "Insights.Automation", "D:\epicGames\UE_5.7\Engine\Source\Programs\AutomationTool\Insights\Insights.Automation.csproj", "{0C3B3FBC-B66C-3691-898A-2DC263E950A0}"
EndProject
Project("{FAE04EC0-301F-11D3-BF4B-00C04F79EFBC}") = "IOS.Automation", "D:\epicGames\UE_5.7\Engine\Source\Programs\AutomationTool\IOS\IOS.Automation.csproj", "{0B65A83F-2A87-3BDC-A972-4DFA0418BE8A}"
EndProject
Project("{FAE04EC0-301F-11D3-BF4B-00C04F79EFBC}") = "Linux.Automation", "D:\epicGames\UE_5.7\Engine\Source\Programs\AutomationTool\Linux\Linux.Automation.csproj", "{344728EA-B29F-34DB-BAD1-F54CEEC28B5F}"
EndProject
Project("{FAE04EC0-301F-11D3-BF4B-00C04F79EFBC}") = "LiveLinkHub.Automation", "D:\epicGames\UE_5.7\Engine\Source\Programs\AutomationTool\LiveLinkHub\LiveLinkHub.Automation.csproj", "{3917F094-7334-3826-B301-E12B78A94C9F}"
EndProject
Project("{FAE04EC0-301F-11D3-BF4B-00C04F79EFBC}") = "Localization.Automation", "D:\epicGames\UE_5.7\Engine\Source\Programs\AutomationTool\Localization\Localization.Automation.csproj", "{DD8EFD33-F90E-35E3-A0DA-6E6FA0795749}"
EndProject
Project("{FAE04EC0-301F-11D3-BF4B-00C04F79EFBC}") = "LowLevelTests.Automation", "D:\epicGames\UE_5.7\Engine\Source\Programs\AutomationTool\LowLevelTests\LowLevelTests.Automation.csproj", "{EF3187FD-E10C-311F-AAFD-06E53913F6B7}"
EndProject
Project("{FAE04EC0-301F-11D3-BF4B-00C04F79EFBC}") = "Mac.Automation", "D:\epicGames\UE_5.7\Engine\Source\Programs\AutomationTool\Mac\Mac.Automation.csproj", "{AE0D405E-1C2A-36AE-90FA-ADF06737A61D}"
EndProject
Project("{FAE04EC0-301F-11D3-BF4B-00C04F79EFBC}") = "Mutable.Automation", "D:\epicGames\UE_5.7\Engine\Source\Programs\AutomationTool\Mutable\Mutable.Automation.csproj", "{36631BC7-F38B-34CF-8138-6EA18B089C89}"
EndProject
Project("{FAE04EC0-301F-11D3-BF4B-00C04F79EFBC}") = "OneSkyLocalization.Automation", "D:\epicGames\UE_5.7\Engine\Source\Programs\AutomationTool\OneSkyLocalization\OneSkyLocalization.Automation.csproj", "{24216430-5637-3CCB-A74B-F8CFE1C291EA}"
EndProject
Project("{FAE04EC0-301F-11D3-BF4B-00C04F79EFBC}") = "AutomationScripts.Automation", "D:\epicGames\UE_5.7\Engine\Source\Programs\AutomationTool\Scripts\AutomationScripts.Automation.csproj", "{F3FCFC3B-4753-3E83-9F4D-D4A954665A2D}"
EndProject
Project("{FAE04EC0-301F-11D3-BF4B-00C04F79EFBC}") = "SmartlingLocalization.Automation", "D:\epicGames\UE_5.7\Engine\Source\Programs\AutomationTool\SmartlingLocalization\SmartlingLocalization.Automation.csproj", "{726EAFF5-E54D-3DAF-A884-EF5B3710C569}"
EndProject
Project("{FAE04EC0-301F-11D3-BF4B-00C04F79EFBC}") = "SteamDeck.Automation", "D:\epicGames\UE_5.7\Engine\Source\Programs\AutomationTool\SteamDeck\SteamDeck.Automation.csproj", "{E8F188D4-E613-3081-B2B2-FB8FA12E9A41}"
EndProject
Project("{FAE04EC0-301F-11D3-BF4B-00C04F79EFBC}") = "Turnkey.Automation", "D:\epicGames\UE_5.7\Engine\Source\Programs\AutomationTool\Turnkey\Turnkey.Automation.csproj", "{042B0D31-43BC-3DB0-AA66-6376DA9CB900}"
EndProject
Project("{FAE04EC0-301F-11D3-BF4B-00C04F79EFBC}") = "TVOS.Automation", "D:\epicGames\UE_5.7\Engine\Source\Programs\AutomationTool\TVOS\TVOS.Automation.csproj", "{A33ADC68-6B56-3C06-BBBE-D09DFFEAF392}"
EndProject
Project("{FAE04EC0-301F-11D3-BF4B-00C04F79EFBC}") = "Win.Automation", "D:\epicGames\UE_5.7\Engine\Source\Programs\AutomationTool\Win\Win.Automation.csproj", "{1FF52419-C743-36EA-97B6-991C2030FFC3}"
EndProject
Project("{FAE04EC0-301F-11D3-BF4B-00C04F79EFBC}") = "XLocLocalization.Automation", "D:\epicGames\UE_5.7\Engine\Source\Programs\AutomationTool\XLocLocalization\XLocLocalization.Automation.csproj", "{95F05B97-3B32-3A28-A7CD-775608DD172F}"
EndProject
Project("{FAE04EC0-301F-11D3-BF4B-00C04F79EFBC}") = "EpicGames.AspNet", "D:\epicGames\UE_5.7\Engine\Source\Programs\Shared\EpicGames.AspNet\EpicGames.AspNet.csproj", "{E5044D8E-BE7C-3DB7-9443-2D5E8175D3B2}"
EndProject
Project("{FAE04EC0-301F-11D3-BF4B-00C04F79EFBC}") = "EpicGames.BuildGraph", "D:\epicGames\UE_5.7\Engine\Source\Programs\Shared\EpicGames.BuildGraph\EpicGames.BuildGraph.csproj", "{E0D00B88-4728-3EE1-83E1-F63EC42BEFD2}"
EndProject
Project("{FAE04EC0-301F-11D3-BF4B-00C04F79EFBC}") = "EpicGames.Build", "D:\epicGames\UE_5.7\Engine\Source\Programs\Shared\EpicGames.Build\EpicGames.Build.csproj", "{341B0E76-C230-3A53-8724-AF39C68E449E}"
EndProject
Project("{FAE04EC0-301F-11D3-BF4B-00C04F79EFBC}") = "EpicGames.Core", "D:\epicGames\UE_5.7\Engine\Source\Programs\Shared\EpicGames.Core\EpicGames.Core.csproj", "{8D7DE0F5-67CD-3F28-9550-8480B67D728E}"
EndProject
Project("{FAE04EC0-301F-11D3-BF4B-00C04F79EFBC}") = "EpicGames.Horde", "D:\epicGames\UE_5.7\Engine\Source\Programs\Shared\EpicGames.Horde\EpicGames.Horde.csproj", "{F9C3B256-5404-3B53-8FB2-EFCAD9BC3DC8}"
EndProject
Project("{FAE04EC0-301F-11D3-BF4B-00C04F79EFBC}") = "EpicGames.IoHash", "D:\epicGames\UE_5.7\Engine\Source\Programs\Shared\EpicGames.IoHash\EpicGames.IoHash.csproj", "{97AECC0B-9F8E-34C7-98B4-D633D8495566}"
EndProject
Project("{FAE04EC0-301F-11D3-BF4B-00C04F79EFBC}") = "EpicGames.MongoDB", "D:\epicGames\UE_5.7\Engine\Source\Programs\Shared\EpicGames.MongoDB\EpicGames.MongoDB.csproj", "{4F40C5DF-292F-347C-A987-587A49A216B5}"
EndProject
Project("{FAE04EC0-301F-11D3-BF4B-00C04F79EFBC}") = "EpicGames.MsBuild", "D:\epicGames\UE_5.7\Engine\Source\Programs\Shared\EpicGames.MsBuild\EpicGames.MsBuild.csproj", "{FEF815C3-878B-39FA-A61F-8D4274945180}"
EndProject
Project("{FAE04EC0-301F-11D3-BF4B-00C04F79EFBC}") = "EpicGames.OIDC", "D:\epicGames\UE_5.7\Engine\Source\Programs\Shared\EpicGames.OIDC\EpicGames.OIDC.csproj", "{D489ACFA-7569-3481-97C5-3AAB394D7629}"
EndProject
Project("{FAE04EC0-301F-11D3-BF4B-00C04F79EFBC}") = "EpicGames.Oodle", "D:\epicGames\UE_5.7\Engine\Source\Programs\Shared\EpicGames.Oodle\EpicGames.Oodle.csproj", "{A16BF0F2-5C1A-34BA-BDF8-3FCE0184838B}"
EndProject
Project("{FAE04EC0-301F-11D3-BF4B-00C04F79EFBC}") = "EpicGames.Perforce.Fixture", "D:\epicGames\UE_5.7\Engine\Source\Programs\Shared\EpicGames.Perforce.Fixture\EpicGames.Perforce.Fixture.csproj", "{A0432788-7B05-3909-80C9-FA122B35F40E}"
EndProject
Project("{FAE04EC0-301F-11D3-BF4B-00C04F79EFBC}") = "EpicGames.Perforce.Managed", "D:\epicGames\UE_5.7\Engine\Source\Programs\Shared\EpicGames.Perforce.Managed\EpicGames.Perforce.Managed.csproj", "{C4AE62F4-43AE-3D9D-97E0-2AEAC172DDF9}"
EndProject
Project("{FAE04EC0-301F-11D3-BF4B-00C04F79EFBC}") = "EpicGames.Perforce", "D:\epicGames\UE_5.7\Engine\Source\Programs\Shared\EpicGames.Perforce\EpicGames.Perforce.csproj", "{45A04D75-B124-3801-AA60-B5984F7E25F7}"
EndProject
Project("{FAE04EC0-301F-11D3-BF4B-00C04F79EFBC}") = "EpicGames.ProjectStore", "D:\epicGames\UE_5.7\Engine\Source\Programs\Shared\EpicGames.ProjectStore\EpicGames.ProjectStore.csproj", "{9A897C93-1AB9-3599-9D69-297169ED0FAE}"
EndProject
Project("{FAE04EC0-301F-11D3-BF4B-00C04F79EFBC}") = "EpicGames.Redis", "D:\epicGames\UE_5.7\Engine\Source\Programs\Shared\EpicGames.Redis\EpicGames.Redis.csproj", "{57F98CB0-DA92-34FD-932C-EFAE72AD0EBF}"
EndProject
Project("{FAE04EC0-301F-11D3-BF4B-00C04F79EFBC}") = "EpicGames.ScriptBuild", "D:\epicGames\UE_5.7\Engine\Source\Programs\Shared\EpicGames.ScriptBuild\EpicGames.ScriptBuild.csproj", "{02009FCD-4634-3C1C-8814-E2A0F512A96C}"
EndProject
Project("{FAE04EC0-301F-11D3-BF4B-00C04F79EFBC}") = "EpicGames.Serialization", "D:\epicGames\UE_5.7\Engine\Source\Programs\Shared\EpicGames.Serialization\EpicGames.Serialization.csproj", "{1D5E291C-EFCC-34DA-98B3-9AB481E3F9C8}"
EndProject
Project("{FAE04EC0-301F-11D3-BF4B-00C04F79EFBC}") = "EpicGames.Slack", "D:\epicGames\UE_5.7\Engine\Source\Programs\Shared\EpicGames.Slack\EpicGames.Slack.csproj", "{D70AAAAB-46B0-3148-8AE2-43FDE7DF9555}"
EndProject
Project("{FAE04EC0-301F-11D3-BF4B-00C04F79EFBC}") = "EpicGames.Tracing", "D:\epicGames\UE_5.7\Engine\Source\Programs\Shared\EpicGames.Tracing\EpicGames.Tracing.csproj", "{9173A160-C964-36EF-9775-3B86D6524BA9}"
EndProject
Project("{FAE04EC0-301F-11D3-BF4B-00C04F79EFBC}") = "EpicGames.UBA", "D:\epicGames\UE_5.7\Engine\Source\Programs\Shared\EpicGames.UBA\EpicGames.UBA.csproj", "{CE8A4EAF-8BF1-30FF-9753-726F5C5E526B}"
EndProject
Project("{FAE04EC0-301F-11D3-BF4B-00C04F79EFBC}") = "EpicGames.UHT", "D:\epicGames\UE_5.7\Engine\Source\Programs\Shared\EpicGames.UHT\EpicGames.UHT.csproj", "{9702A82D-73F7-3A7C-AEED-76133D06C006}"
EndProject
Project("{FAE04EC0-301F-11D3-BF4B-00C04F79EFBC}") = "UnrealBuildTool", "D:\epicGames\UE_5.7\Engine\Source\Programs\UnrealBuildTool\UnrealBuildTool.csproj", "{CE2E50B3-A8DE-3298-954A-50750FDA8B82}"
EndProject
Project("{2150E333-8FDC-42A3-9474-1A3956D46DE8}") = "Visualizers", "Visualizers", "{1CCEC849-CC72-4C59-8C36-2F7C38706D4C}"
	ProjectSection(SolutionItems) = preProject
		D:\epicGames\UE_5.7\Engine\Extras\VisualStudioDebugging\Unreal.natjmc = D:\epicGames\UE_5.7\Engine\Extras\VisualStudioDebugging\Unreal.natjmc
		D:\epicGames\UE_5.7\Engine\Extras\VisualStudioDebugging\Unreal.natstepfilter = D:\epicGames\UE_5.7\Engine\Extras\VisualStudioDebugging\Unreal.natstepfilter
		D:\epicGames\UE_5.7\Engine\Extras\VisualStudioDebugging\Unreal.natvis = D:\epicGames\UE_5.7\Engine\Extras\VisualStudioDebugging\Unreal.natvis
	EndProjectSection
EndProject
Global
	GlobalSection(SolutionConfigurationPlatforms) = preSolution
		Analyze|Any CPU = Analyze|Any CPU
		Debug|Any CPU = Debug|Any CPU
		Development|Any CPU = Development|Any CPU
		Release|Any CPU = Release|Any CPU
	EndGlobalSection
	GlobalSection(ProjectConfigurationPlatforms) = postSolution
		{4235ACC9-9ACE-3DD4-BBAC-3E8C52BF394B}.Analyze|Any CPU.ActiveCfg = Development|Any CPU
		{4235ACC9-9ACE-3DD4-BBAC-3E8C52BF394B}.Analyze|Any CPU.Build.0 = Development|Any CPU
		{4235ACC9-9ACE-3DD4-BBAC-3E8C52BF394B}.Debug|Any CPU.ActiveCfg = Debug|Any CPU
		{4235ACC9-9ACE-3DD4-BBAC-3E8C52BF394B}.Debug|Any CPU.Build.0 = Debug|Any CPU
		{4235ACC9-9ACE-3DD4-BBAC-3E8C52BF394B}.Development|Any CPU.ActiveCfg = Development|Any CPU
		{4235ACC9-9ACE-3DD4-BBAC-3E8C52BF394B}.Development|Any CPU.Build.0 = Development|Any CPU
		{4235ACC9-9ACE-3DD4-BBAC-3E8C52BF394B}.Release|Any CPU.ActiveCfg = Release|Any CPU
		{4235ACC9-9ACE-3DD4-BBAC-3E8C52BF394B}.Release|Any CPU.Build.0 = Release|Any CPU
		{CE70AF82-4B1F-399E-9853-37C3BDB2918C}.Analyze|Any CPU.ActiveCfg = Development|Any CPU
		{CE70AF82-4B1F-399E-9853-37C3BDB2918C}.Analyze|Any CPU.Build.0 = Development|Any CPU
		{CE70AF82-4B1F-399E-9853-37C3BDB2918C}.Debug|Any CPU.ActiveCfg = Debug|Any CPU
		{CE70AF82-4B1F-399E-9853-37C3BDB2918C}.Debug|Any CPU.Build.0 = Debug|Any CPU
		{CE70AF82-4B1F-399E-9853-37C3BDB2918C}.Development|Any CPU.ActiveCfg = Development|Any CPU
		{CE70AF82-4B1F-399E-9853-37C3BDB2918C}.Development|Any CPU.Build.0 = Development|Any CPU
		{CE70AF82-4B1F-399E-9853-37C3BDB2918C}.Release|Any CPU.ActiveCfg = Release|Any CPU
		{CE70AF82-4B1F-399E-9853-37C3BDB2918C}.Release|Any CPU.Build.0 = Release|Any CPU
		{4898EC58-99E7-3989-9E4D-6E1FA3FFC741}.Analyze|Any CPU.ActiveCfg = Development|Any CPU
		{4898EC58-99E7-3989-9E4D-6E1FA3FFC741}.Analyze|Any CPU.Build.0 = Development|Any CPU
		{4898EC58-99E7-3989-9E4D-6E1FA3FFC741}.Debug|Any CPU.ActiveCfg = Debug|Any CPU
		{4898EC58-99E7-3989-9E4D-6E1FA3FFC741}.Debug|Any CPU.Build.0 = Debug|Any CPU
		{4898EC58-99E7-3989-9E4D-6E1FA3FFC741}.Development|Any CPU.ActiveCfg = Development|Any CPU
		{4898EC58-99E7-3989-9E4D-6E1FA3FFC741}.Development|Any CPU.Build.0 = Development|Any CPU
		{4898EC58-99E7-3989-9E4D-6E1FA3FFC741}.Release|Any CPU.ActiveCfg = Release|Any CPU
		{4898EC58-99E7-3989-9E4D-6E1FA3FFC741}.Release|Any CPU.Build.0 = Release|Any CPU
		{D5DD6165-A397-342E-B6F4-34C897889444}.Analyze|Any CPU.ActiveCfg = Development|Any CPU
		{D5DD6165-A397-342E-B6F4-34C897889444}.Analyze|Any CPU.Build.0 = Development|Any CPU
		{D5DD6165-A397-342E-B6F4-34C897889444}.Debug|Any CPU.ActiveCfg = Debug|Any CPU
		{D5DD6165-A397-342E-B6F4-34C897889444}.Debug|Any CPU.Build.0 = Debug|Any CPU
		{D5DD6165-A397-342E-B6F4-34C897889444}.Development|Any CPU.ActiveCfg = Development|Any CPU
		{D5DD6165-A397-342E-B6F4-34C897889444}.Development|Any CPU.Build.0 = Development|Any CPU
		{D5DD6165-A397-342E-B6F4-34C897889444}.Release|Any CPU.ActiveCfg = Release|Any CPU
		{D5DD6165-A397-342E-B6F4-34C897889444}.Release|Any CPU.Build.0 = Release|Any CPU
		{55DE2B30-A395-35CF-BC3F-0DCA147E3433}.Analyze|Any CPU.ActiveCfg = Development|Any CPU
		{55DE2B30-A395-35CF-BC3F-0DCA147E3433}.Analyze|Any CPU.Build.0 = Development|Any CPU
		{55DE2B30-A395-35CF-BC3F-0DCA147E3433}.Debug|Any CPU.ActiveCfg = Debug|Any CPU
		{55DE2B30-A395-35CF-BC3F-0DCA147E3433}.Debug|Any CPU.Build.0 = Debug|Any CPU
		{55DE2B30-A395-35CF-BC3F-0DCA147E3433}.Development|Any CPU.ActiveCfg = Development|Any CPU
		{55DE2B30-A395-35CF-BC3F-0DCA147E3433}.Development|Any CPU.Build.0 = Development|Any CPU
		{55DE2B30-A395-35CF-BC3F-0DCA147E3433}.Release|Any CPU.ActiveCfg = Release|Any CPU
		{55DE2B30-A395-35CF-BC3F-0DCA147E3433}.Release|Any CPU.Build.0 = Release|Any CPU
		{F62F6150-5D7D-35ED-8CCE-9C960B7A9F96}.Analyze|Any CPU.ActiveCfg = Development|Any CPU
		{F62F6150-5D7D-35ED-8CCE-9C960B7A9F96}.Analyze|Any CPU.Build.0 = Development|Any CPU
		{F62F6150-5D7D-35ED-8CCE-9C960B7A9F96}.Debug|Any CPU.ActiveCfg = Debug|Any CPU
		{F62F6150-5D7D-35ED-8CCE-9C960B7A9F96}.Debug|Any CPU.Build.0 = Debug|Any CPU
		{F62F6150-5D7D-35ED-8CCE-9C960B7A9F96}.Development|Any CPU.ActiveCfg = Development|Any CPU
		{F62F6150-5D7D-35ED-8CCE-9C960B7A9F96}.Development|Any CPU.Build.0 = Development|Any CPU
		{F62F6150-5D7D-35ED-8CCE-9C960B7A9F96}.Release|Any CPU.ActiveCfg = Release|Any CPU
		{F62F6150-5D7D-35ED-8CCE-9C960B7A9F96}.Release|Any CPU.Build.0 = Release|Any CPU
		{8D21E27D-0CDD-313D-9823-674EAFC5199C}.Analyze|Any CPU.ActiveCfg = Analyze|Any CPU
		{8D21E27D-0CDD-313D-9823-674EAFC5199C}.Analyze|Any CPU.Build.0 = Analyze|Any CPU
		{8D21E27D-0CDD-313D-9823-674EAFC5199C}.Debug|Any CPU.ActiveCfg = Debug|Any CPU
		{8D21E27D-0CDD-313D-9823-674EAFC5199C}.Debug|Any CPU.Build.0 = Debug|Any CPU
		{8D21E27D-0CDD-313D-9823-674EAFC5199C}.Development|Any CPU.ActiveCfg = Development|Any CPU
		{8D21E27D-0CDD-313D-9823-674EAFC5199C}.Development|Any CPU.Build.0 = Development|Any CPU
		{8D21E27D-0CDD-313D-9823-674EAFC5199C}.Release|Any CPU.ActiveCfg = Release|Any CPU
		{8D21E27D-0CDD-313D-9823-674EAFC5199C}.Release|Any CPU.Build.0 = Release|Any CPU
		{13642069-4013-3E10-A846-D177F7B19214}.Analyze|Any CPU.ActiveCfg = Development|Any CPU
		{13642069-4013-3E10-A846-D177F7B19214}.Analyze|Any CPU.Build.0 = Development|Any CPU
		{13642069-4013-3E10-A846-D177F7B19214}.Debug|Any CPU.ActiveCfg = Debug|Any CPU
		{13642069-4013-3E10-A846-D177F7B19214}.Debug|Any CPU.Build.0 = Debug|Any CPU
		{13642069-4013-3E10-A846-D177F7B19214}.Development|Any CPU.ActiveCfg = Development|Any CPU
		{13642069-4013-3E10-A846-D177F7B19214}.Development|Any CPU.Build.0 = Development|Any CPU
		{13642069-4013-3E10-A846-D177F7B19214}.Release|Any CPU.ActiveCfg = Release|Any CPU
		{13642069-4013-3E10-A846-D177F7B19214}.Release|Any CPU.Build.0 = Release|Any CPU
		{AD4EEBE4-5F77-31F8-865A-DF9754B63463}.Analyze|Any CPU.ActiveCfg = Analyze|Any CPU
		{AD4EEBE4-5F77-31F8-865A-DF9754B63463}.Analyze|Any CPU.Build.0 = Analyze|Any CPU
		{AD4EEBE4-5F77-31F8-865A-DF9754B63463}.Debug|Any CPU.ActiveCfg = Debug|Any CPU
		{AD4EEBE4-5F77-31F8-865A-DF9754B63463}.Debug|Any CPU.Build.0 = Debug|Any CPU
		{AD4EEBE4-5F77-31F8-865A-DF9754B63463}.Development|Any CPU.ActiveCfg = Development|Any CPU
		{AD4EEBE4-5F77-31F8-865A-DF9754B63463}.Development|Any CPU.Build.0 = Development|Any CPU
		{AD4EEBE4-5F77-31F8-865A-DF9754B63463}.Release|Any CPU.ActiveCfg = Release|Any CPU
		{AD4EEBE4-5F77-31F8-865A-DF9754B63463}.Release|Any CPU.Build.0 = Release|Any CPU
		{7B04CCAD-7667-3B15-B395-1174BC0680F5}.Analyze|Any CPU.ActiveCfg = Development|Any CPU
		{7B04CCAD-7667-3B15-B395-1174BC0680F5}.Analyze|Any CPU.Build.0 = Development|Any CPU
		{7B04CCAD-7667-3B15-B395-1174BC0680F5}.Debug|Any CPU.ActiveCfg = Debug|Any CPU
		{7B04CCAD-7667-3B15-B395-1174BC0680F5}.Debug|Any CPU.Build.0 = Debug|Any CPU
		{7B04CCAD-7667-3B15-B395-1174BC0680F5}.Development|Any CPU.ActiveCfg = Development|Any CPU
		{7B04CCAD-7667-3B15-B395-1174BC0680F5}.Development|Any CPU.Build.0 = Development|Any CPU
		{7B04CCAD-7667-3B15-B395-1174BC0680F5}.Release|Any CPU.ActiveCfg = Release|Any CPU
		{7B04CCAD-7667-3B15-B395-1174BC0680F5}.Release|Any CPU.Build.0 = Release|Any CPU
		{200000C5-B92A-3366-B305-D0DDE359E964}.Analyze|Any CPU.ActiveCfg = Development|Any CPU
		{200000C5-B92A-3366-B305-D0DDE359E964}.Analyze|Any CPU.Build.0 = Development|Any CPU
		{200000C5-B92A-3366-B305-D0DDE359E964}.Debug|Any CPU.ActiveCfg = Debug|Any CPU
		{200000C5-B92A-3366-B305-D0DDE359E964}.Debug|Any CPU.Build.0 = Debug|Any CPU
		{200000C5-B92A-3366-B305-D0DDE359E964}.Development|Any CPU.ActiveCfg = Development|Any CPU
		{200000C5-B92A-3366-B305-D0DDE359E964}.Development|Any CPU.Build.0 = Development|Any CPU
		{200000C5-B92A-3366-B305-D0DDE359E964}.Release|Any CPU.ActiveCfg = Release|Any CPU
		{200000C5-B92A-3366-B305-D0DDE359E964}.Release|Any CPU.Build.0 = Release|Any CPU
		{C51D7363-1503-375C-B765-8681F3DAD990}.Analyze|Any CPU.ActiveCfg = Development|Any CPU
		{C51D7363-1503-375C-B765-8681F3DAD990}.Analyze|Any CPU.Build.0 = Development|Any CPU
		{C51D7363-1503-375C-B765-8681F3DAD990}.Debug|Any CPU.ActiveCfg = Debug|Any CPU
		{C51D7363-1503-375C-B765-8681F3DAD990}.Debug|Any CPU.Build.0 = Debug|Any CPU
		{C51D7363-1503-375C-B765-8681F3DAD990}.Development|Any CPU.ActiveCfg = Development|Any CPU
		{C51D7363-1503-375C-B765-8681F3DAD990}.Development|Any CPU.Build.0 = Development|Any CPU
		{C51D7363-1503-375C-B765-8681F3DAD990}.Release|Any CPU.ActiveCfg = Release|Any CPU
		{C51D7363-1503-375C-B765-8681F3DAD990}.Release|Any CPU.Build.0 = Release|Any CPU
		{0C3B3FBC-B66C-3691-898A-2DC263E950A0}.Analyze|Any CPU.ActiveCfg = Development|Any CPU
		{0C3B3FBC-B66C-3691-898A-2DC263E950A0}.Analyze|Any CPU.Build.0 = Development|Any CPU
		{0C3B3FBC-B66C-3691-898A-2DC263E950A0}.Debug|Any CPU.ActiveCfg = Debug|Any CPU
		{0C3B3FBC-B66C-3691-898A-2DC263E950A0}.Debug|Any CPU.Build.0 = Debug|Any CPU
		{0C3B3FBC-B66C-3691-898A-2DC263E950A0}.Development|Any CPU.ActiveCfg = Development|Any CPU
		{0C3B3FBC-B66C-3691-898A-2DC263E950A0}.Development|Any CPU.Build.0 = Development|Any CPU
		{0C3B3FBC-B66C-3691-898A-2DC263E950A0}.Release|Any CPU.ActiveCfg = Release|Any CPU
		{0C3B3FBC-B66C-3691-898A-2DC263E950A0}.Release|Any CPU.Build.0 = Release|Any CPU
		{0B65A83F-2A87-3BDC-A972-4DFA0418BE8A}.Analyze|Any CPU.ActiveCfg = Development|Any CPU
		{0B65A83F-2A87-3BDC-A972-4DFA0418BE8A}.Analyze|Any CPU.Build.0 = Development|Any CPU
		{0B65A83F-2A87-3BDC-A972-4DFA0418BE8A}.Debug|Any CPU.ActiveCfg = Debug|Any CPU
		{0B65A83F-2A87-3BDC-A972-4DFA0418BE8A}.Debug|Any CPU.Build.0 = Debug|Any CPU
		{0B65A83F-2A87-3BDC-A972-4DFA0418BE8A}.Development|Any CPU.ActiveCfg = Development|Any CPU
		{0B65A83F-2A87-3BDC-A972-4DFA0418BE8A}.Development|Any CPU.Build.0 = Development|Any CPU
		{0B65A83F-2A87-3BDC-A972-4DFA0418BE8A}.Release|Any CPU.ActiveCfg = Release|Any CPU
		{0B65A83F-2A87-3BDC-A972-4DFA0418BE8A}.Release|Any CPU.Build.0 = Release|Any CPU
		{344728EA-B29F-34DB-BAD1-F54CEEC28B5F}.Analyze|Any CPU.ActiveCfg = Development|Any CPU
		{344728EA-B29F-34DB-BAD1-F54CEEC28B5F}.Analyze|Any CPU.Build.0 = Development|Any CPU
		{344728EA-B29F-34DB-BAD1-F54CEEC28B5F}.Debug|Any CPU.ActiveCfg = Debug|Any CPU
		{344728EA-B29F-34DB-BAD1-F54CEEC28B5F}.Debug|Any CPU.Build.0 = Debug|Any CPU
		{344728EA-B29F-34DB-BAD1-F54CEEC28B5F}.Development|Any CPU.ActiveCfg = Development|Any CPU
		{344728EA-B29F-34DB-BAD1-F54CEEC28B5F}.Development|Any CPU.Build.0 = Development|Any CPU
		{344728EA-B29F-34DB-BAD1-F54CEEC28B5F}.Release|Any CPU.ActiveCfg = Release|Any CPU
		{344728EA-B29F-34DB-BAD1-F54CEEC28B5F}.Release|Any CPU.Build.0 = Release|Any CPU
		{3917F094-7334-3826-B301-E12B78A94C9F}.Analyze|Any CPU.ActiveCfg = Development|Any CPU
		{3917F094-7334-3826-B301-E12B78A94C9F}.Analyze|Any CPU.Build.0 = Development|Any CPU
		{3917F094-7334-3826-B301-E12B78A94C9F}.Debug|Any CPU.ActiveCfg = Debug|Any CPU
		{3917F094-7334-3826-B301-E12B78A94C9F}.Debug|Any CPU.Build.0 = Debug|Any CPU
		{3917F094-7334-3826-B301-E12B78A94C9F}.Development|Any CPU.ActiveCfg = Development|Any CPU
		{3917F094-7334-3826-B301-E12B78A94C9F}.Development|Any CPU.Build.0 = Development|Any CPU
		{3917F094-7334-3826-B301-E12B78A94C9F}.Release|Any CPU.ActiveCfg = Release|Any CPU
		{3917F094-7334-3826-B301-E12B78A94C9F}.Release|Any CPU.Build.0 = Release|Any CPU
		{DD8EFD33-F90E-35E3-A0DA-6E6FA0795749}.Analyze|Any CPU.ActiveCfg = Development|Any CPU
		{DD8EFD33-F90E-35E3-A0DA-6E6FA0795749}.Analyze|Any CPU.Build.0 = Development|Any CPU
		{DD8EFD33-F90E-35E3-A0DA-6E6FA0795749}.Debug|Any CPU.ActiveCfg = Debug|Any CPU
		{DD8EFD33-F90E-35E3-A0DA-6E6FA0795749}.Debug|Any CPU.Build.0 = Debug|Any CPU
		{DD8EFD33-F90E-35E3-A0DA-6E6FA0795749}.Development|Any CPU.ActiveCfg = Development|Any CPU
		{DD8EFD33-F90E-35E3-A0DA-6E6FA0795749}.Development|Any CPU.Build.0 = Development|Any CPU
		{DD8EFD33-F90E-35E3-A0DA-6E6FA0795749}.Release|Any CPU.ActiveCfg = Release|Any CPU
		{DD8EFD33-F90E-35E3-A0DA-6E6FA0795749}.Release|Any CPU.Build.0 = Release|Any CPU
		{EF3187FD-E10C-311F-AAFD-06E53913F6B7}.Analyze|Any CPU.ActiveCfg = Development|Any CPU
		{EF3187FD-E10C-311F-AAFD-06E53913F6B7}.Analyze|Any CPU.Build.0 = Development|Any CPU
		{EF3187FD-E10C-311F-AAFD-06E53913F6B7}.Debug|Any CPU.ActiveCfg = Debug|Any CPU
		{EF3187FD-E10C-311F-AAFD-06E53913F6B7}.Debug|Any CPU.Build.0 = Debug|Any CPU
		{EF3187FD-E10C-311F-AAFD-06E53913F6B7}.Development|Any CPU.ActiveCfg = Development|Any CPU
		{EF3187FD-E10C-311F-AAFD-06E53913F6B7}.Development|Any CPU.Build.0 = Development|Any CPU
		{EF3187FD-E10C-311F-AAFD-06E53913F6B7}.Release|Any CPU.ActiveCfg = Release|Any CPU
		{EF3187FD-E10C-311F-AAFD-06E53913F6B7}.Release|Any CPU.Build.0 = Release|Any CPU
		{AE0D405E-1C2A-36AE-90FA-ADF06737A61D}.Analyze|Any CPU.ActiveCfg = Development|Any CPU
		{AE0D405E-1C2A-36AE-90FA-ADF06737A61D}.Analyze|Any CPU.Build.0 = Development|Any CPU
		{AE0D405E-1C2A-36AE-90FA-ADF06737A61D}.Debug|Any CPU.ActiveCfg = Debug|Any CPU
		{AE0D405E-1C2A-36AE-90FA-ADF06737A61D}.Debug|Any CPU.Build.0 = Debug|Any CPU
		{AE0D405E-1C2A-36AE-90FA-ADF06737A61D}.Development|Any CPU.ActiveCfg = Development|Any CPU
		{AE0D405E-1C2A-36AE-90FA-ADF06737A61D}.Development|Any CPU.Build.0 = Development|Any CPU
		{AE0D405E-1C2A-36AE-90FA-ADF06737A61D}.Release|Any CPU.ActiveCfg = Release|Any CPU
		{AE0D405E-1C2A-36AE-90FA-ADF06737A61D}.Release|Any CPU.Build.0 = Release|Any CPU
		{36631BC7-F38B-34CF-8138-6EA18B089C89}.Analyze|Any CPU.ActiveCfg = Development|Any CPU
		{36631BC7-F38B-34CF-8138-6EA18B089C89}.Analyze|Any CPU.Build.0 = Development|Any CPU
		{36631BC7-F38B-34CF-8138-6EA18B089C89}.Debug|Any CPU.ActiveCfg = Debug|Any CPU
		{36631BC7-F38B-34CF-8138-6EA18B089C89}.Debug|Any CPU.Build.0 = Debug|Any CPU
		{36631BC7-F38B-34CF-8138-6EA18B089C89}.Development|Any CPU.ActiveCfg = Development|Any CPU
		{36631BC7-F38B-34CF-8138-6EA18B089C89}.Development|Any CPU.Build.0 = Development|Any CPU
		{36631BC7-F38B-34CF-8138-6EA18B089C89}.Release|Any CPU.ActiveCfg = Debug|Any CPU
		{36631BC7-F38B-34CF-8138-6EA18B089C89}.Release|Any CPU.Build.0 = Debug|Any CPU
		{24216430-5637-3CCB-A74B-F8CFE1C291EA}.Analyze|Any CPU.ActiveCfg = Development|Any CPU
		{24216430-5637-3CCB-A74B-F8CFE1C291EA}.Analyze|Any CPU.Build.0 = Development|Any CPU
		{24216430-5637-3CCB-A74B-F8CFE1C291EA}.Debug|Any CPU.ActiveCfg = Debug|Any CPU
		{24216430-5637-3CCB-A74B-F8CFE1C291EA}.Debug|Any CPU.Build.0 = Debug|Any CPU
		{24216430-5637-3CCB-A74B-F8CFE1C291EA}.Development|Any CPU.ActiveCfg = Development|Any CPU
		{24216430-5637-3CCB-A74B-F8CFE1C291EA}.Development|Any CPU.Build.0 = Development|Any CPU
		{24216430-5637-3CCB-A74B-F8CFE1C291EA}.Release|Any CPU.ActiveCfg = Release|Any CPU
		{24216430-5637-3CCB-A74B-F8CFE1C291EA}.Release|Any CPU.Build.0 = Release|Any CPU
		{F3FCFC3B-4753-3E83-9F4D-D4A954665A2D}.Analyze|Any CPU.ActiveCfg = Development|Any CPU
		{F3FCFC3B-4753-3E83-9F4D-D4A954665A2D}.Analyze|Any CPU.Build.0 = Development|Any CPU
		{F3FCFC3B-4753-3E83-9F4D-D4A954665A2D}.Debug|Any CPU.ActiveCfg = Debug|Any CPU
		{F3FCFC3B-4753-3E83-9F4D-D4A954665A2D}.Debug|Any CPU.Build.0 = Debug|Any CPU
		{F3FCFC3B-4753-3E83-9F4D-D4A954665A2D}.Development|Any CPU.ActiveCfg = Development|Any CPU
		{F3FCFC3B-4753-3E83-9F4D-D4A954665A2D}.Development|Any CPU.Build.0 = Development|Any CPU
		{F3FCFC3B-4753-3E83-9F4D-D4A954665A2D}.Release|Any CPU.ActiveCfg = Release|Any CPU
		{F3FCFC3B-4753-3E83-9F4D-D4A954665A2D}.Release|Any CPU.Build.0 = Release|Any CPU
		{726EAFF5-E54D-3DAF-A884-EF5B3710C569}.Analyze|Any CPU.ActiveCfg = Development|Any CPU
		{726EAFF5-E54D-3DAF-A884-EF5B3710C569}.Analyze|Any CPU.Build.0 = Development|Any CPU
		{726EAFF5-E54D-3DAF-A884-EF5B3710C569}.Debug|Any CPU.ActiveCfg = Debug|Any CPU
		{726EAFF5-E54D-3DAF-A884-EF5B3710C569}.Debug|Any CPU.Build.0 = Debug|Any CPU
		{726EAFF5-E54D-3DAF-A884-EF5B3710C569}.Development|Any CPU.ActiveCfg = Development|Any CPU
		{726EAFF5-E54D-3DAF-A884-EF5B3710C569}.Development|Any CPU.Build.0 = Development|Any CPU
		{726EAFF5-E54D-3DAF-A884-EF5B3710C569}.Release|Any CPU.ActiveCfg = Release|Any CPU
		{726EAFF5-E54D-3DAF-A884-EF5B3710C569}.Release|Any CPU.Build.0 = Release|Any CPU
		{E8F188D4-E613-3081-B2B2-FB8FA12E9A41}.Analyze|Any CPU.ActiveCfg = Development|Any CPU
		{E8F188D4-E613-3081-B2B2-FB8FA12E9A41}.Analyze|Any CPU.Build.0 = Development|Any CPU
		{E8F188D4-E613-3081-B2B2-FB8FA12E9A41}.Debug|Any CPU.ActiveCfg = Debug|Any CPU
		{E8F188D4-E613-3081-B2B2-FB8FA12E9A41}.Debug|Any CPU.Build.0 = Debug|Any CPU
		{E8F188D4-E613-3081-B2B2-FB8FA12E9A41}.Development|Any CPU.ActiveCfg = Development|Any CPU
		{E8F188D4-E613-3081-B2B2-FB8FA12E9A41}.Development|Any CPU.Build.0 = Development|Any CPU
		{E8F188D4-E613-3081-B2B2-FB8FA12E9A41}.Release|Any CPU.ActiveCfg = Release|Any CPU
		{E8F188D4-E613-3081-B2B2-FB8FA12E9A41}.Release|Any CPU.Build.0 = Release|Any CPU
		{042B0D31-43BC-3DB0-AA66-6376DA9CB900}.Analyze|Any CPU.ActiveCfg = Development|Any CPU
		{042B0D31-43BC-3DB0-AA66-6376DA9CB900}.Analyze|Any CPU.Build.0 = Development|Any CPU
		{042B0D31-43BC-3DB0-AA66-6376DA9CB900}.Debug|Any CPU.ActiveCfg = Debug|Any CPU
		{042B0D31-43BC-3DB0-AA66-6376DA9CB900}.Debug|Any CPU.Build.0 = Debug|Any CPU
		{042B0D31-43BC-3DB0-AA66-6376DA9CB900}.Development|Any CPU.ActiveCfg = Development|Any CPU
		{042B0D31-43BC-3DB0-AA66-6376DA9CB900}.Development|Any CPU.Build.0 = Development|Any CPU
		{042B0D31-43BC-3DB0-AA66-6376DA9CB900}.Release|Any CPU.ActiveCfg = Release|Any CPU
		{042B0D31-43BC-3DB0-AA66-6376DA9CB900}.Release|Any CPU.Build.0 = Release|Any CPU
		{A33ADC68-6B56-3C06-BBBE-D09DFFEAF392}.Analyze|Any CPU.ActiveCfg = Development|Any CPU
		{A33ADC68-6B56-3C06-BBBE-D09DFFEAF392}.Analyze|Any CPU.Build.0 = Development|Any CPU
		{A33ADC68-6B56-3C06-BBBE-D09DFFEAF392}.Debug|Any CPU.ActiveCfg = Debug|Any CPU
		{A33ADC68-6B56-3C06-BBBE-D09DFFEAF392}.Debug|Any CPU.Build.0 = Debug|Any CPU
		{A33ADC68-6B56-3C06-BBBE-D09DFFEAF392}.Development|Any CPU.ActiveCfg = Development|Any CPU
		{A33ADC68-6B56-3C06-BBBE-D09DFFEAF392}.Development|Any CPU.Build.0 = Development|Any CPU
		{A33ADC68-6B56-3C06-BBBE-D09DFFEAF392}.Release|Any CPU.ActiveCfg = Release|Any CPU
		{A33ADC68-6B56-3C06-BBBE-D09DFFEAF392}.Release|Any CPU.Build.0 = Release|Any CPU
		{1FF52419-C743-36EA-97B6-991C2030FFC3}.Analyze|Any CPU.ActiveCfg = Development|Any CPU
		{1FF52419-C743-36EA-97B6-991C2030FFC3}.Analyze|Any CPU.Build.0 = Development|Any CPU
		{1FF52419-C743-36EA-97B6-991C2030FFC3}.Debug|Any CPU.ActiveCfg = Debug|Any CPU
		{1FF52419-C743-36EA-97B6-991C2030FFC3}.Debug|Any CPU.Build.0 = Debug|Any CPU
		{1FF52419-C743-36EA-97B6-991C2030FFC3}.Development|Any CPU.ActiveCfg = Development|Any CPU
		{1FF52419-C743-36EA-97B6-991C2030FFC3}.Development|Any CPU.Build.0 = Development|Any CPU
		{1FF52419-C743-36EA-97B6-991C2030FFC3}.Release|Any CPU.ActiveCfg = Release|Any CPU
		{1FF52419-C743-36EA-97B6-991C2030FFC3}.Release|Any CPU.Build.0 = Release|Any CPU
		{95F05B97-3B32-3A28-A7CD-775608DD172F}.Analyze|Any CPU.ActiveCfg = Development|Any CPU
		{95F05B97-3B32-3A28-A7CD-775608DD172F}.Analyze|Any CPU.Build.0 = Development|Any CPU
		{95F05B97-3B32-3A28-A7CD-775608DD172F}.Debug|Any CPU.ActiveCfg = Debug|Any CPU
		{95F05B97-3B32-3A28-A7CD-775608DD172F}.Debug|Any CPU.Build.0 = Debug|Any CPU
		{95F05B97-3B32-3A28-A7CD-775608DD172F}.Development|Any CPU.ActiveCfg = Development|Any CPU
		{95F05B97-3B32-3A28-A7CD-775608DD172F}.Development|Any CPU.Build.0 = Development|Any CPU
		{95F05B97-3B32-3A28-A7CD-775608DD172F}.Release|Any CPU.ActiveCfg = Release|Any CPU
		{95F05B97-3B32-3A28-A7CD-775608DD172F}.Release|Any CPU.Build.0 = Release|Any CPU
		{E5044D8E-BE7C-3DB7-9443-2D5E8175D3B2}.Analyze|Any CPU.ActiveCfg = Analyze|Any CPU
		{E5044D8E-BE7C-3DB7-9443-2D5E8175D3B2}.Analyze|Any CPU.Build.0 = Analyze|Any CPU
		{E5044D8E-BE7C-3DB7-9443-2D5E8175D3B2}.Debug|Any CPU.ActiveCfg = Debug|Any CPU
		{E5044D8E-BE7C-3DB7-9443-2D5E8175D3B2}.Debug|Any CPU.Build.0 = Debug|Any CPU
		{E5044D8E-BE7C-3DB7-9443-2D5E8175D3B2}.Development|Any CPU.ActiveCfg = Development|Any CPU
		{E5044D8E-BE7C-3DB7-9443-2D5E8175D3B2}.Development|Any CPU.Build.0 = Development|Any CPU
		{E5044D8E-BE7C-3DB7-9443-2D5E8175D3B2}.Release|Any CPU.ActiveCfg = Release|Any CPU
		{E5044D8E-BE7C-3DB7-9443-2D5E8175D3B2}.Release|Any CPU.Build.0 = Release|Any CPU
		{E0D00B88-4728-3EE1-83E1-F63EC42BEFD2}.Analyze|Any CPU.ActiveCfg = Analyze|Any CPU
		{E0D00B88-4728-3EE1-83E1-F63EC42BEFD2}.Analyze|Any CPU.Build.0 = Analyze|Any CPU
		{E0D00B88-4728-3EE1-83E1-F63EC42BEFD2}.Debug|Any CPU.ActiveCfg = Debug|Any CPU
		{E0D00B88-4728-3EE1-83E1-F63EC42BEFD2}.Debug|Any CPU.Build.0 = Debug|Any CPU
		{E0D00B88-4728-3EE1-83E1-F63EC42BEFD2}.Development|Any CPU.ActiveCfg = Development|Any CPU
		{E0D00B88-4728-3EE1-83E1-F63EC42BEFD2}.Development|Any CPU.Build.0 = Development|Any CPU
		{E0D00B88-4728-3EE1-83E1-F63EC42BEFD2}.Release|Any CPU.ActiveCfg = Release|Any CPU
		{E0D00B88-4728-3EE1-83E1-F63EC42BEFD2}.Release|Any CPU.Build.0 = Release|Any CPU
		{341B0E76-C230-3A53-8724-AF39C68E449E}.Analyze|Any CPU.ActiveCfg = Analyze|Any CPU
		{341B0E76-C230-3A53-8724-AF39C68E449E}.Analyze|Any CPU.Build.0 = Analyze|Any CPU
		{341B0E76-C230-3A53-8724-AF39C68E449E}.Debug|Any CPU.ActiveCfg = Debug|Any CPU
		{341B0E76-C230-3A53-8724-AF39C68E449E}.Debug|Any CPU.Build.0 = Debug|Any CPU
		{341B0E76-C230-3A53-8724-AF39C68E449E}.Development|Any CPU.ActiveCfg = Development|Any CPU
		{341B0E76-C230-3A53-8724-AF39C68E449E}.Development|Any CPU.Build.0 = Development|Any CPU
		{341B0E76-C230-3A53-8724-AF39C68E449E}.Release|Any CPU.ActiveCfg = Release|Any CPU
		{341B0E76-C230-3A53-8724-AF39C68E449E}.Release|Any CPU.Build.0 = Release|Any CPU
		{8D7DE0F5-67CD-3F28-9550-8480B67D728E}.Analyze|Any CPU.ActiveCfg = Analyze|Any CPU
		{8D7DE0F5-67CD-3F28-9550-8480B67D728E}.Analyze|Any CPU.Build.0 = Analyze|Any CPU
		{8D7DE0F5-67CD-3F28-9550-8480B67D728E}.Debug|Any CPU.ActiveCfg = Debug|Any CPU
		{8D7DE0F5-67CD-3F28-9550-8480B67D728E}.Debug|Any CPU.Build.0 = Debug|Any CPU
		{8D7DE0F5-67CD-3F28-9550-8480B67D728E}.Development|Any CPU.ActiveCfg = Development|Any CPU
		{8D7DE0F5-67CD-3F28-9550-8480B67D728E}.Development|Any CPU.Build.0 = Development|Any CPU
		{8D7DE0F5-67CD-3F28-9550-8480B67D728E}.Release|Any CPU.ActiveCfg = Release|Any CPU
		{8D7DE0F5-67CD-3F28-9550-8480B67D728E}.Release|Any CPU.Build.0 = Release|Any CPU
		{F9C3B256-5404-3B53-8FB2-EFCAD9BC3DC8}.Analyze|Any CPU.ActiveCfg = Analyze|Any CPU
		{F9C3B256-5404-3B53-8FB2-EFCAD9BC3DC8}.Analyze|Any CPU.Build.0 = Analyze|Any CPU
		{F9C3B256-5404-3B53-8FB2-EFCAD9BC3DC8}.Debug|Any CPU.ActiveCfg = Debug|Any CPU
		{F9C3B256-5404-3B53-8FB2-EFCAD9BC3DC8}.Debug|Any CPU.Build.0 = Debug|Any CPU
		{F9C3B256-5404-3B53-8FB2-EFCAD9BC3DC8}.Development|Any CPU.ActiveCfg = Development|Any CPU
		{F9C3B256-5404-3B53-8FB2-EFCAD9BC3DC8}.Development|Any CPU.Build.0 = Development|Any CPU
		{F9C3B256-5404-3B53-8FB2-EFCAD9BC3DC8}.Release|Any CPU.ActiveCfg = Release|Any CPU
		{F9C3B256-5404-3B53-8FB2-EFCAD9BC3DC8}.Release|Any CPU.Build.0 = Release|Any CPU
		{97AECC0B-9F8E-34C7-98B4-D633D8495566}.Analyze|Any CPU.ActiveCfg = Analyze|Any CPU
		{97AECC0B-9F8E-34C7-98B4-D633D8495566}.Analyze|Any CPU.Build.0 = Analyze|Any CPU
		{97AECC0B-9F8E-34C7-98B4-D633D8495566}.Debug|Any CPU.ActiveCfg = Debug|Any CPU
		{97AECC0B-9F8E-34C7-98B4-D633D8495566}.Debug|Any CPU.Build.0 = Debug|Any CPU
		{97AECC0B-9F8E-34C7-98B4-D633D8495566}.Development|Any CPU.ActiveCfg = Development|Any CPU
		{97AECC0B-9F8E-34C7-98B4-D633D8495566}.Development|Any CPU.Build.0 = Development|Any CPU
		{97AECC0B-9F8E-34C7-98B4-D633D8495566}.Release|Any CPU.ActiveCfg = Release|Any CPU
		{97AECC0B-9F8E-34C7-98B4-D633D8495566}.Release|Any CPU.Build.0 = Release|Any CPU
		{4F40C5DF-292F-347C-A987-587A49A216B5}.Analyze|Any CPU.ActiveCfg = Analyze|Any CPU
		{4F40C5DF-292F-347C-A987-587A49A216B5}.Analyze|Any CPU.Build.0 = Analyze|Any CPU
		{4F40C5DF-292F-347C-A987-587A49A216B5}.Debug|Any CPU.ActiveCfg = Debug|Any CPU
		{4F40C5DF-292F-347C-A987-587A49A216B5}.Debug|Any CPU.Build.0 = Debug|Any CPU
		{4F40C5DF-292F-347C-A987-587A49A216B5}.Development|Any CPU.ActiveCfg = Development|Any CPU
		{4F40C5DF-292F-347C-A987-587A49A216B5}.Development|Any CPU.Build.0 = Development|Any CPU
		{4F40C5DF-292F-347C-A987-587A49A216B5}.Release|Any CPU.ActiveCfg = Release|Any CPU
		{4F40C5DF-292F-347C-A987-587A49A216B5}.Release|Any CPU.Build.0 = Release|Any CPU
		{FEF815C3-878B-39FA-A61F-8D4274945180}.Analyze|Any CPU.ActiveCfg = Analyze|Any CPU
		{FEF815C3-878B-39FA-A61F-8D4274945180}.Analyze|Any CPU.Build.0 = Analyze|Any CPU
		{FEF815C3-878B-39FA-A61F-8D4274945180}.Debug|Any CPU.ActiveCfg = Debug|Any CPU
		{FEF815C3-878B-39FA-A61F-8D4274945180}.Debug|Any CPU.Build.0 = Debug|Any CPU
		{FEF815C3-878B-39FA-A61F-8D4274945180}.Development|Any CPU.ActiveCfg = Development|Any CPU
		{FEF815C3-878B-39FA-A61F-8D4274945180}.Development|Any CPU.Build.0 = Development|Any CPU
		{FEF815C3-878B-39FA-A61F-8D4274945180}.Release|Any CPU.ActiveCfg = Release|Any CPU
		{FEF815C3-878B-39FA-A61F-8D4274945180}.Release|Any CPU.Build.0 = Release|Any CPU
		{D489ACFA-7569-3481-97C5-3AAB394D7629}.Analyze|Any CPU.ActiveCfg = Analyze|Any CPU
		{D489ACFA-7569-3481-97C5-3AAB394D7629}.Analyze|Any CPU.Build.0 = Analyze|Any CPU
		{D489ACFA-7569-3481-97C5-3AAB394D7629}.Debug|Any CPU.ActiveCfg = Debug|Any CPU
		{D489ACFA-7569-3481-97C5-3AAB394D7629}.Debug|Any CPU.Build.0 = Debug|Any CPU
		{D489ACFA-7569-3481-97C5-3AAB394D7629}.Development|Any CPU.ActiveCfg = Development|Any CPU
		{D489ACFA-7569-3481-97C5-3AAB394D7629}.Development|Any CPU.Build.0 = Development|Any CPU
		{D489ACFA-7569-3481-97C5-3AAB394D7629}.Release|Any CPU.ActiveCfg = Release|Any CPU
		{D489ACFA-7569-3481-97C5-3AAB394D7629}.Release|Any CPU.Build.0 = Release|Any CPU
		{A16BF0F2-5C1A-34BA-BDF8-3FCE0184838B}.Analyze|Any CPU.ActiveCfg = Analyze|Any CPU
		{A16BF0F2-5C1A-34BA-BDF8-3FCE0184838B}.Analyze|Any CPU.Build.0 = Analyze|Any CPU
		{A16BF0F2-5C1A-34BA-BDF8-3FCE0184838B}.Debug|Any CPU.ActiveCfg = Debug|Any CPU
		{A16BF0F2-5C1A-34BA-BDF8-3FCE0184838B}.Debug|Any CPU.Build.0 = Debug|Any CPU
		{A16BF0F2-5C1A-34BA-BDF8-3FCE0184838B}.Development|Any CPU.ActiveCfg = Development|Any CPU
		{A16BF0F2-5C1A-34BA-BDF8-3FCE0184838B}.Development|Any CPU.Build.0 = Development|Any CPU
		{A16BF0F2-5C1A-34BA-BDF8-3FCE0184838B}.Release|Any CPU.ActiveCfg = Release|Any CPU
		{A16BF0F2-5C1A-34BA-BDF8-3FCE0184838B}.Release|Any CPU.Build.0 = Release|Any CPU
		{A0432788-7B05-3909-80C9-FA122B35F40E}.Analyze|Any CPU.ActiveCfg = Analyze|Any CPU
		{A0432788-7B05-3909-80C9-FA122B35F40E}.Analyze|Any CPU.Build.0 = Analyze|Any CPU
		{A0432788-7B05-3909-80C9-FA122B35F40E}.Debug|Any CPU.ActiveCfg = Debug|Any CPU
		{A0432788-7B05-3909-80C9-FA122B35F40E}.Debug|Any CPU.Build.0 = Debug|Any CPU
		{A0432788-7B05-3909-80C9-FA122B35F40E}.Development|Any CPU.ActiveCfg = Development|Any CPU
		{A0432788-7B05-3909-80C9-FA122B35F40E}.Development|Any CPU.Build.0 = Development|Any CPU
		{A0432788-7B05-3909-80C9-FA122B35F40E}.Release|Any CPU.ActiveCfg = Release|Any CPU
		{A0432788-7B05-3909-80C9-FA122B35F40E}.Release|Any CPU.Build.0 = Release|Any CPU
		{C4AE62F4-43AE-3D9D-97E0-2AEAC172DDF9}.Analyze|Any CPU.ActiveCfg = Analyze|Any CPU
		{C4AE62F4-43AE-3D9D-97E0-2AEAC172DDF9}.Analyze|Any CPU.Build.0 = Analyze|Any CPU
		{C4AE62F4-43AE-3D9D-97E0-2AEAC172DDF9}.Debug|Any CPU.ActiveCfg = Debug|Any CPU
		{C4AE62F4-43AE-3D9D-97E0-2AEAC172DDF9}.Debug|Any CPU.Build.0 = Debug|Any CPU
		{C4AE62F4-43AE-3D9D-97E0-2AEAC172DDF9}.Development|Any CPU.ActiveCfg = Development|Any CPU
		{C4AE62F4-43AE-3D9D-97E0-2AEAC172DDF9}.Development|Any CPU.Build.0 = Development|Any CPU
		{C4AE62F4-43AE-3D9D-97E0-2AEAC172DDF9}.Release|Any CPU.ActiveCfg = Release|Any CPU
		{C4AE62F4-43AE-3D9D-97E0-2AEAC172DDF9}.Release|Any CPU.Build.0 = Release|Any CPU
		{45A04D75-B124-3801-AA60-B5984F7E25F7}.Analyze|Any CPU.ActiveCfg = Analyze|Any CPU
		{45A04D75-B124-3801-AA60-B5984F7E25F7}.Analyze|Any CPU.Build.0 = Analyze|Any CPU
		{45A04D75-B124-3801-AA60-B5984F7E25F7}.Debug|Any CPU.ActiveCfg = Debug|Any CPU
		{45A04D75-B124-3801-AA60-B5984F7E25F7}.Debug|Any CPU.Build.0 = Debug|Any CPU
		{45A04D75-B124-3801-AA60-B5984F7E25F7}.Development|Any CPU.ActiveCfg = Development|Any CPU
		{45A04D75-B124-3801-AA60-B5984F7E25F7}.Development|Any CPU.Build.0 = Development|Any CPU
		{45A04D75-B124-3801-AA60-B5984F7E25F7}.Release|Any CPU.ActiveCfg = Release|Any CPU
		{45A04D75-B124-3801-AA60-B5984F7E25F7}.Release|Any CPU.Build.0 = Release|Any CPU
		{9A897C93-1AB9-3599-9D69-297169ED0FAE}.Analyze|Any CPU.ActiveCfg = Analyze|Any CPU
		{9A897C93-1AB9-3599-9D69-297169ED0FAE}.Analyze|Any CPU.Build.0 = Analyze|Any CPU
		{9A897C93-1AB9-3599-9D69-297169ED0FAE}.Debug|Any CPU.ActiveCfg = Debug|Any CPU
		{9A897C93-1AB9-3599-9D69-297169ED0FAE}.Debug|Any CPU.Build.0 = Debug|Any CPU
		{9A897C93-1AB9-3599-9D69-297169ED0FAE}.Development|Any CPU.ActiveCfg = Development|Any CPU
		{9A897C93-1AB9-3599-9D69-297169ED0FAE}.Development|Any CPU.Build.0 = Development|Any CPU
		{9A897C93-1AB9-3599-9D69-297169ED0FAE}.Release|Any CPU.ActiveCfg = Release|Any CPU
		{9A897C93-1AB9-3599-9D69-297169ED0FAE}.Release|Any CPU.Build.0 = Release|Any CPU
		{57F98CB0-DA92-34FD-932C-EFAE72AD0EBF}.Analyze|Any CPU.ActiveCfg = Analyze|Any CPU
		{57F98CB0-DA92-34FD-932C-EFAE72AD0EBF}.Analyze|Any CPU.Build.0 = Analyze|Any CPU
		{57F98CB0-DA92-34FD-932C-EFAE72AD0EBF}.Debug|Any CPU.ActiveCfg = Debug|Any CPU
		{57F98CB0-DA92-34FD-932C-EFAE72AD0EBF}.Debug|Any CPU.Build.0 = Debug|Any CPU
		{57F98CB0-DA92-34FD-932C-EFAE72AD0EBF}.Development|Any CPU.ActiveCfg = Development|Any CPU
		{57F98CB0-DA92-34FD-932C-EFAE72AD0EBF}.Development|Any CPU.Build.0 = Development|Any CPU
		{57F98CB0-DA92-34FD-932C-EFAE72AD0EBF}.Release|Any CPU.ActiveCfg = Release|Any CPU
		{57F98CB0-DA92-34FD-932C-EFAE72AD0EBF}.Release|Any CPU.Build.0 = Release|Any CPU
		{02009FCD-4634-3C1C-8814-E2A0F512A96C}.Analyze|Any CPU.ActiveCfg = Analyze|Any CPU
		{02009FCD-4634-3C1C-8814-E2A0F512A96C}.Analyze|Any CPU.Build.0 = Analyze|Any CPU
		{02009FCD-4634-3C1C-8814-E2A0F512A96C}.Debug|Any CPU.ActiveCfg = Debug|Any CPU
		{02009FCD-4634-3C1C-8814-E2A0F512A96C}.Debug|Any CPU.Build.0 = Debug|Any CPU
		{02009FCD-4634-3C1C-8814-E2A0F512A96C}.Development|Any CPU.ActiveCfg = Development|Any CPU
		{02009FCD-4634-3C1C-8814-E2A0F512A96C}.Development|Any CPU.Build.0 = Development|Any CPU
		{02009FCD-4634-3C1C-8814-E2A0F512A96C}.Release|Any CPU.ActiveCfg = Release|Any CPU
		{02009FCD-4634-3C1C-8814-E2A0F512A96C}.Release|Any CPU.Build.0 = Release|Any CPU
		{1D5E291C-EFCC-34DA-98B3-9AB481E3F9C8}.Analyze|Any CPU.ActiveCfg = Analyze|Any CPU
		{1D5E291C-EFCC-34DA-98B3-9AB481E3F9C8}.Analyze|Any CPU.Build.0 = Analyze|Any CPU
		{1D5E291C-EFCC-34DA-98B3-9AB481E3F9C8}.Debug|Any CPU.ActiveCfg = Debug|Any CPU
		{1D5E291C-EFCC-34DA-98B3-9AB481E3F9C8}.Debug|Any CPU.Build.0 = Debug|Any CPU
		{1D5E291C-EFCC-34DA-98B3-9AB481E3F9C8}.Development|Any CPU.ActiveCfg = Development|Any CPU
		{1D5E291C-EFCC-34DA-98B3-9AB481E3F9C8}.Development|Any CPU.Build.0 = Development|Any CPU
		{1D5E291C-EFCC-34DA-98B3-9AB481E3F9C8}.Release|Any CPU.ActiveCfg = Release|Any CPU
		{1D5E291C-EFCC-34DA-98B3-9AB481E3F9C8}.Release|Any CPU.Build.0 = Release|Any CPU
		{D70AAAAB-46B0-3148-8AE2-43FDE7DF9555}.Analyze|Any CPU.ActiveCfg = Analyze|Any CPU
		{D70AAAAB-46B0-3148-8AE2-43FDE7DF9555}.Analyze|Any CPU.Build.0 = Analyze|Any CPU
		{D70AAAAB-46B0-3148-8AE2-43FDE7DF9555}.Debug|Any CPU.ActiveCfg = Debug|Any CPU
		{D70AAAAB-46B0-3148-8AE2-43FDE7DF9555}.Debug|Any CPU.Build.0 = Debug|Any CPU
		{D70AAAAB-46B0-3148-8AE2-43FDE7DF9555}.Development|Any CPU.ActiveCfg = Development|Any CPU
		{D70AAAAB-46B0-3148-8AE2-43FDE7DF9555}.Development|Any CPU.Build.0 = Development|Any CPU
		{D70AAAAB-46B0-3148-8AE2-43FDE7DF9555}.Release|Any CPU.ActiveCfg = Release|Any CPU
		{D70AAAAB-46B0-3148-8AE2-43FDE7DF9555}.Release|Any CPU.Build.0 = Release|Any CPU
		{9173A160-C964-36EF-9775-3B86D6524BA9}.Analyze|Any CPU.ActiveCfg = Analyze|Any CPU
		{9173A160-C964-36EF-9775-3B86D6524BA9}.Analyze|Any CPU.Build.0 = Analyze|Any CPU
		{9173A160-C964-36EF-9775-3B86D6524BA9}.Debug|Any CPU.ActiveCfg = Debug|Any CPU
		{9173A160-C964-36EF-9775-3B86D6524BA9}.Debug|Any CPU.Build.0 = Debug|Any CPU
		{9173A160-C964-36EF-9775-3B86D6524BA9}.Development|Any CPU.ActiveCfg = Development|Any CPU
		{9173A160-C964-36EF-9775-3B86D6524BA9}.Development|Any CPU.Build.0 = Development|Any CPU
		{9173A160-C964-36EF-9775-3B86D6524BA9}.Release|Any CPU.ActiveCfg = Release|Any CPU
		{9173A160-C964-36EF-9775-3B86D6524BA9}.Release|Any CPU.Build.0 = Release|Any CPU
		{CE8A4EAF-8BF1-30FF-9753-726F5C5E526B}.Analyze|Any CPU.ActiveCfg = Analyze|Any CPU
		{CE8A4EAF-8BF1-30FF-9753-726F5C5E526B}.Analyze|Any CPU.Build.0 = Analyze|Any CPU
		{CE8A4EAF-8BF1-30FF-9753-726F5C5E526B}.Debug|Any CPU.ActiveCfg = Debug|Any CPU
		{CE8A4EAF-8BF1-30FF-9753-726F5C5E526B}.Debug|Any CPU.Build.0 = Debug|Any CPU
		{CE8A4EAF-8BF1-30FF-9753-726F5C5E526B}.Development|Any CPU.ActiveCfg = Development|Any CPU
		{CE8A4EAF-8BF1-30FF-9753-726F5C5E526B}.Development|Any CPU.Build.0 = Development|Any CPU
		{CE8A4EAF-8BF1-30FF-9753-726F5C5E526B}.Release|Any CPU.ActiveCfg = Release|Any CPU
		{CE8A4EAF-8BF1-30FF-9753-726F5C5E526B}.Release|Any CPU.Build.0 = Release|Any CPU
		{9702A82D-73F7-3A7C-AEED-76133D06C006}.Analyze|Any CPU.ActiveCfg = Analyze|Any CPU
		{9702A82D-73F7-3A7C-AEED-76133D06C006}.Analyze|Any CPU.Build.0 = Analyze|Any CPU
		{9702A82D-73F7-3A7C-AEED-76133D06C006}.Debug|Any CPU.ActiveCfg = Debug|Any CPU
		{9702A82D-73F7-3A7C-AEED-76133D06C006}.Debug|Any CPU.Build.0 = Debug|Any CPU
		{9702A82D-73F7-3A7C-AEED-76133D06C006}.Development|Any CPU.ActiveCfg = Development|Any CPU
		{9702A82D-73F7-3A7C-AEED-76133D06C006}.Development|Any CPU.Build.0 = Development|Any CPU
		{9702A82D-73F7-3A7C-AEED-76133D06C006}.Release|Any CPU.ActiveCfg = Release|Any CPU
		{9702A82D-73F7-3A7C-AEED-76133D06C006}.Release|Any CPU.Build.0 = Release|Any CPU
		{CE2E50B3-A8DE-3298-954A-50750FDA8B82}.Analyze|Any CPU.ActiveCfg = Analyze|Any CPU
		{CE2E50B3-A8DE-3298-954A-50750FDA8B82}.Analyze|Any CPU.Build.0 = Analyze|Any CPU
		{CE2E50B3-A8DE-3298-954A-50750FDA8B82}.Debug|Any CPU.ActiveCfg = Debug|Any CPU
		{CE2E50B3-A8DE-3298-954A-50750FDA8B82}.Debug|Any CPU.Build.0 = Debug|Any CPU
		{CE2E50B3-A8DE-3298-954A-50750FDA8B82}.Development|Any CPU.ActiveCfg = Development|Any CPU
		{CE2E50B3-A8DE-3298-954A-50750FDA8B82}.Development|Any CPU.Build.0 = Development|Any CPU
		{CE2E50B3-A8DE-3298-954A-50750FDA8B82}.Release|Any CPU.ActiveCfg = Release|Any CPU
		{CE2E50B3-A8DE-3298-954A-50750FDA8B82}.Release|Any CPU.Build.0 = Release|Any CPU
	EndGlobalSection
	GlobalSection(SolutionProperties) = preSolution
		HideSolutionNode = FALSE
	EndGlobalSection
	GlobalSection(NestedProjects) = preSolution
		{0BFBE63A-B98A-3411-8EEB-8918FEC737B3} = {A338B9E2-A559-34BE-A46D-F789DD488FAD}
		{57713676-9DBE-331C-AD10-26632AC9EE0C} = {A338B9E2-A559-34BE-A46D-F789DD488FAD}
		{7B5CFB44-F0FB-31DF-AE62-C3C096A29A7B} = {A338B9E2-A559-34BE-A46D-F789DD488FAD}
		{0A311FEA-A166-3203-B122-1D349CCE9C97} = {233774A8-CC9D-3FA9-86D1-90573E92B704}
		{4235ACC9-9ACE-3DD4-BBAC-3E8C52BF394B} = {C2F57ECE-B26F-39D8-BDA7-C1D40BD8F180}
		{CE70AF82-4B1F-399E-9853-37C3BDB2918C} = {C2F57ECE-B26F-39D8-BDA7-C1D40BD8F180}
		{4898EC58-99E7-3989-9E4D-6E1FA3FFC741} = {0BFBE63A-B98A-3411-8EEB-8918FEC737B3}
		{D5DD6165-A397-342E-B6F4-34C897889444} = {7B5CFB44-F0FB-31DF-AE62-C3C096A29A7B}
		{55DE2B30-A395-35CF-BC3F-0DCA147E3433} = {0BFBE63A-B98A-3411-8EEB-8918FEC737B3}
		{F62F6150-5D7D-35ED-8CCE-9C960B7A9F96} = {0BFBE63A-B98A-3411-8EEB-8918FEC737B3}
		{8D21E27D-0CDD-313D-9823-674EAFC5199C} = {A338B9E2-A559-34BE-A46D-F789DD488FAD}
		{13642069-4013-3E10-A846-D177F7B19214} = {0BFBE63A-B98A-3411-8EEB-8918FEC737B3}
		{AD4EEBE4-5F77-31F8-865A-DF9754B63463} = {0BFBE63A-B98A-3411-8EEB-8918FEC737B3}
		{7B04CCAD-7667-3B15-B395-1174BC0680F5} = {0BFBE63A-B98A-3411-8EEB-8918FEC737B3}
		{200000C5-B92A-3366-B305-D0DDE359E964} = {0BFBE63A-B98A-3411-8EEB-8918FEC737B3}
		{C51D7363-1503-375C-B765-8681F3DAD990} = {0BFBE63A-B98A-3411-8EEB-8918FEC737B3}
		{0C3B3FBC-B66C-3691-898A-2DC263E950A0} = {0BFBE63A-B98A-3411-8EEB-8918FEC737B3}
		{0B65A83F-2A87-3BDC-A972-4DFA0418BE8A} = {0BFBE63A-B98A-3411-8EEB-8918FEC737B3}
		{344728EA-B29F-34DB-BAD1-F54CEEC28B5F} = {0BFBE63A-B98A-3411-8EEB-8918FEC737B3}
		{3917F094-7334-3826-B301-E12B78A94C9F} = {0BFBE63A-B98A-3411-8EEB-8918FEC737B3}
		{DD8EFD33-F90E-35E3-A0DA-6E6FA0795749} = {0BFBE63A-B98A-3411-8EEB-8918FEC737B3}
		{EF3187FD-E10C-311F-AAFD-06E53913F6B7} = {0BFBE63A-B98A-3411-8EEB-8918FEC737B3}
		{AE0D405E-1C2A-36AE-90FA-ADF06737A61D} = {0BFBE63A-B98A-3411-8EEB-8918FEC737B3}
		{36631BC7-F38B-34CF-8138-6EA18B089C89} = {0BFBE63A-B98A-3411-8EEB-8918FEC737B3}
		{24216430-5637-3CCB-A74B-F8CFE1C291EA} = {0BFBE63A-B98A-3411-8EEB-8918FEC737B3}
		{F3FCFC3B-4753-3E83-9F4D-D4A954665A2D} = {0BFBE63A-B98A-3411-8EEB-8918FEC737B3}
		{726EAFF5-E54D-3DAF-A884-EF5B3710C569} = {0BFBE63A-B98A-3411-8EEB-8918FEC737B3}
		{E8F188D4-E613-3081-B2B2-FB8FA12E9A41} = {0BFBE63A-B98A-3411-8EEB-8918FEC737B3}
		{042B0D31-43BC-3DB0-AA66-6376DA9CB900} = {0BFBE63A-B98A-3411-8EEB-8918FEC737B3}
		{A33ADC68-6B56-3C06-BBBE-D09DFFEAF392} = {0BFBE63A-B98A-3411-8EEB-8918FEC737B3}
		{1FF52419-C743-36EA-97B6-991C2030FFC3} = {0BFBE63A-B98A-3411-8EEB-8918FEC737B3}
		{95F05B97-3B32-3A28-A7CD-775608DD172F} = {0BFBE63A-B98A-3411-8EEB-8918FEC737B3}
		{E5044D8E-BE7C-3DB7-9443-2D5E8175D3B2} = {57713676-9DBE-331C-AD10-26632AC9EE0C}
		{E0D00B88-4728-3EE1-83E1-F63EC42BEFD2} = {57713676-9DBE-331C-AD10-26632AC9EE0C}
		{341B0E76-C230-3A53-8724-AF39C68E449E} = {57713676-9DBE-331C-AD10-26632AC9EE0C}
		{8D7DE0F5-67CD-3F28-9550-8480B67D728E} = {57713676-9DBE-331C-AD10-26632AC9EE0C}
		{F9C3B256-5404-3B53-8FB2-EFCAD9BC3DC8} = {57713676-9DBE-331C-AD10-26632AC9EE0C}
		{97AECC0B-9F8E-34C7-98B4-D633D8495566} = {57713676-9DBE-331C-AD10-26632AC9EE0C}
		{4F40C5DF-292F-347C-A987-587A49A216B5} = {57713676-9DBE-331C-AD10-26632AC9EE0C}
		{FEF815C3-878B-39FA-A61F-8D4274945180} = {57713676-9DBE-331C-AD10-26632AC9EE0C}
		{D489ACFA-7569-3481-97C5-3AAB394D7629} = {57713676-9DBE-331C-AD10-26632AC9EE0C}
		{A16BF0F2-5C1A-34BA-BDF8-3FCE0184838B} = {57713676-9DBE-331C-AD10-26632AC9EE0C}
		{A0432788-7B05-3909-80C9-FA122B35F40E} = {57713676-9DBE-331C-AD10-26632AC9EE0C}
		{C4AE62F4-43AE-3D9D-97E0-2AEAC172DDF9} = {57713676-9DBE-331C-AD10-26632AC9EE0C}
		{45A04D75-B124-3801-AA60-B5984F7E25F7} = {57713676-9DBE-331C-AD10-26632AC9EE0C}
		{9A897C93-1AB9-3599-9D69-297169ED0FAE} = {57713676-9DBE-331C-AD10-26632AC9EE0C}
		{57F98CB0-DA92-34FD-932C-EFAE72AD0EBF} = {57713676-9DBE-331C-AD10-26632AC9EE0C}
		{02009FCD-4634-3C1C-8814-E2A0F512A96C} = {57713676-9DBE-331C-AD10-26632AC9EE0C}
		{1D5E291C-EFCC-34DA-98B3-9AB481E3F9C8} = {57713676-9DBE-331C-AD10-26632AC9EE0C}
		{D70AAAAB-46B0-3148-8AE2-43FDE7DF9555} = {57713676-9DBE-331C-AD10-26632AC9EE0C}
		{9173A160-C964-36EF-9775-3B86D6524BA9} = {57713676-9DBE-331C-AD10-26632AC9EE0C}
		{CE8A4EAF-8BF1-30FF-9753-726F5C5E526B} = {57713676-9DBE-331C-AD10-26632AC9EE0C}
		{9702A82D-73F7-3A7C-AEED-76133D06C006} = {57713676-9DBE-331C-AD10-26632AC9EE0C}
		{CE2E50B3-A8DE-3298-954A-50750FDA8B82} = {A338B9E2-A559-34BE-A46D-F789DD488FAD}
	EndGlobalSection
	GlobalSection(ddbf523f-7eb6-4887-bd51-85a714ff87eb) = preSolution
	EndGlobalSection
EndGlobal
